github.com/aws/aws-lambda-go v1.54.0 h1:EGYpdyRGF88xszqlGcBewz811mJeRS+maNlLZXFheII=
github.com/aws/aws-lambda-go v1.54.0/go.mod h1:dpMpZgvWx5vuQJfBt0zqBha60q7Dd7RfgJv23DymV8A=
github.com/aws/aws-sdk-go-v2 v1.42.0 h1:XvXMJTkFQtpBKIWZnmr9ZEOc2InWM2yldjXEJ/bymhA=
github.com/aws/aws-sdk-go-v2 v1.42.0/go.mod h1:27+ACypSLljLAEKsCYOmrjKh83vuTRkuAe9Uv/3A4bg=
github.com/aws/aws-sdk-go-v2/aws/protocol/eventstream v1.7.13 h1:p1BBrg/Hhp6uK7zpejeI8QFXHJeC/mynzi04Sl03k9g=
github.com/aws/aws-sdk-go-v2/aws/protocol/eventstream v1.7.13/go.mod h1:8cIfkE9MDhkRZGpQ22aV6/lkYeYSozpz16Smrs5x4Ls=
github.com/aws/aws-sdk-go-v2/config v1.32.23 h1:PYDobtcsJXK6bQe9I8RQk6s19Bz3xa3xRU08Hy1Em3Y=
github.com/aws/aws-sdk-go-v2/config v1.32.23/go.mod h1:QID4dqUQVgEOYPKsPWd1sNWCCR2c5g7o3jeEtIXPOZU=
github.com/aws/aws-sdk-go-v2/credentials v1.19.22 h1:SHfH6wyPsEgG7fVsi5rQxWEt7tuIcN2PGhb1mTFv6tE=
github.com/aws/aws-sdk-go-v2/credentials v1.19.22/go.mod h1:54nO8lKD4aQPOntM/VTWjnR+DYzTwx0YkSMZMhAgewQ=
github.com/aws/aws-sdk-go-v2/feature/dynamodb/attributevalue v1.20.46 h1:5mQrphoRZFJw7UZJCY2FaEEHevSOqEwnQDhjrUF86Rg=
github.com/aws/aws-sdk-go-v2/feature/dynamodb/attributevalue v1.20.46/go.mod h1:jLGcSEwz44cT9eemw8ss2Uerf6LqFWMkeOIE0DjNn3w=
github.com/aws/aws-sdk-go-v2/feature/ec2/imds v1.18.28 h1:b+kcDejJrXc30zU/w8Tc9klISwaO5wh+6T0sMBdDoHM=
github.com/aws/aws-sdk-go-v2/feature/ec2/imds v1.18.28/go.mod h1:LnI62O9GnSv6GcuLXxOYqlq0C8EmxMcgnF6m7LdYuOY=
github.com/aws/aws-sdk-go-v2/internal/configsources v1.4.29 h1:f3vKqSo13fhTYb+JEcXwXefZQE26I1FB5eTSniU67ko=
github.com/aws/aws-sdk-go-v2/internal/configsources v1.4.29/go.mod h1:MzoLFUArKGpGD+ukmPiTPG1X5x4o6M2kq4v2dr1FiEc=
github.com/aws/aws-sdk-go-v2/internal/endpoints/v2 v2.7.29 h1:RdwIf/CuUsvJX3RgJagbOyotl/cxoLY4xviKuE7p2GY=
github.com/aws/aws-sdk-go-v2/internal/endpoints/v2 v2.7.29/go.mod h1:71wt8W2EgswdZy9Mf9KNnzxZ3TiZlv4caKghPktDOkA=
github.com/aws/aws-sdk-go-v2/internal/v4a v1.4.30 h1:VTGy885W5DKBxWRUJbym9hytNaYzsyaPkCHGRRMAOhU=
github.com/aws/aws-sdk-go-v2/internal/v4a v1.4.30/go.mod h1:AS0HycUvJRFvTt613AYDOgO2jzw+00cVSMny8XB3yMY=
github.com/aws/aws-sdk-go-v2/service/accessanalyzer v1.49.5 h1:YRmgSZDK5hzQGr3WD/tUVFCwVsnELDbTui7yhEgzy7g=
github.com/aws/aws-sdk-go-v2/service/accessanalyzer v1.49.5/go.mod h1:4v0AkcAcWguJx3gOcZTvunFMbVeJ1e0jiUZPkaDPbhI=
github.com/aws/aws-sdk-go-v2/service/cloudtrail v1.56.3 h1:iqqLURTPGkD3xbdRAM8ZW9+PhA+2J2t1ZtomGaJCaU8=
github.com/aws/aws-sdk-go-v2/service/cloudtrail v1.56.3/go.mod h1:6IFZ3ceNZcMB7NZsYpp7HSKJp4nceLFvnY0/XyVPt24=
github.com/aws/aws-sdk-go-v2/service/cloudwatch v1.59.0 h1:JOrwHweL6IzRjbDxdjup2YI2QjWa8/h0PGexR8MZpKw=
github.com/aws/aws-sdk-go-v2/service/cloudwatch v1.59.0/go.mod h1:tsfAcBcMTF2G9UirQTP1In3DrkNO16SyUU527NPLPhs=
github.com/aws/aws-sdk-go-v2/service/cognitoidentityprovider v1.61.4 h1:KDPcknxnbdpcAU04wq+9wfDW4Yoo9h0tsO8Uv+oES4c=
github.com/aws/aws-sdk-go-v2/service/cognitoidentityprovider v1.61.4/go.mod h1:fhiInRlq2MkbUqzDYoWLF+dE/NdEg24s9TML5FcSwhA=
github.com/aws/aws-sdk-go-v2/service/dynamodb v1.58.0 h1:kiOMESAm6XdbFFWixSU6nbprLZMibYK1DkjWNqYse0I=
github.com/aws/aws-sdk-go-v2/service/dynamodb v1.58.0/go.mod h1:oA69sd8xL8Bd2yDI18eaeMQ55UKqfR88cXgHxjbNKQk=
github.com/aws/aws-sdk-go-v2/service/dynamodbstreams v1.32.21 h1:1D3C4VwwdttYJHU+n0qZxjp+4+m6XDt7xkad/5TjCoQ=
github.com/aws/aws-sdk-go-v2/service/dynamodbstreams v1.32.21/go.mod h1:OYihwwy2DbW5mpHoaal5A8Z09bIEDZ8SlP3cwr6pIsY=
github.com/aws/aws-sdk-go-v2/service/eventbridge v1.46.6 h1:rJFqZQH9sT7vNEPX+Irn3miu/zOKkt80HHA18Tmk3OE=
github.com/aws/aws-sdk-go-v2/service/eventbridge v1.46.6/go.mod h1:Ahoy85HXn2dWwT4hseCxPS1USL9mowNWKlN1sdjcKxs=
github.com/aws/aws-sdk-go-v2/service/guardduty v1.79.3 h1:AGUhgPCJKoXbNbk93EtLt6nzu7WoaFyln1g753W9E6g=
github.com/aws/aws-sdk-go-v2/service/guardduty v1.79.3/go.mod h1:OOwqiU2hPl8v3FomNDgNPj3RCCsTfrsjzgWmuqHidhw=
github.com/aws/aws-sdk-go-v2/service/iam v1.54.3 h1:ur8hMC1VjTXvvTfE9LEbtmuvfgjOW7mhPHE65Hmk5zc=
github.com/aws/aws-sdk-go-v2/service/iam v1.54.3/go.mod h1:BislBOlmxEfyqv4S86lyEf9yl3FlxlgX8sBHBBqQPOo=
github.com/aws/aws-sdk-go-v2/service/inspector2 v1.28.0 h1:I4ozJKl6jZ+UYldMgtcWTsGyTGgG8GvhuOZuHgUa8Cc=
github.com/aws/aws-sdk-go-v2/service/inspector2 v1.28.0/go.mod h1:5FPrmv5Cwaq8Fri4puvds50dVPMgGZlU5inTlDs1UJQ=
github.com/aws/aws-sdk-go-v2/service/internal/accept-encoding v1.13.12 h1:ZD2+BSw9vFsNlKYIasSNt3uDbjqqXIBcM13UJv/Lx2k=
github.com/aws/aws-sdk-go-v2/service/internal/accept-encoding v1.13.12/go.mod h1:Ms4zlcVBbXbiP7EVLhl+lgjvA/a7YphqQ3Ih3174EmI=
github.com/aws/aws-sdk-go-v2/service/internal/checksum v1.9.21 h1:FsZxbPiVgEHYofziwfylouMki8b1Z7mI4CMU/7bhwBA=
github.com/aws/aws-sdk-go-v2/service/internal/checksum v1.9.21/go.mod h1:Mmm30OV+JLXYQUcbSd84THnv3P5JtjhVDujLwMqRG0U=
github.com/aws/aws-sdk-go-v2/service/internal/endpoint-discovery v1.12.5 h1:yvzZDtChKYcCuN/Et+Zabdhl2FhGu0fphR3S7A2iiB8=
github.com/aws/aws-sdk-go-v2/service/internal/endpoint-discovery v1.12.5/go.mod h1:JLnNRWKX5xsx5LqSTVaGS7MevP7KGmjm1E98IJlv5FQ=
github.com/aws/aws-sdk-go-v2/service/internal/presigned-url v1.13.28 h1:axj4mEDletwKmTm/9jR+DkIMmCfcn5vE4jBMAAN+3Vg=
github.com/aws/aws-sdk-go-v2/service/internal/presigned-url v1.13.28/go.mod h1:3Aaz69M0jqfSHLKqxgolgUBFT4hpwSNc7DzC95orEi8=
github.com/aws/aws-sdk-go-v2/service/internal/s3shared v1.19.28 h1:li8rTZAAb22g4UsxbjwMdaNVWbgVcDzPqI7nDTI+mF4=
github.com/aws/aws-sdk-go-v2/service/internal/s3shared v1.19.28/go.mod h1:/brXioSGIMEdcBFoubpSdmighSVp6poP+mma/wB7iHA=
github.com/aws/aws-sdk-go-v2/service/macie2 v1.52.3 h1:EdX6gif3V9IakGFi2sveCRrA7933ho2mDDCmFgwLBAA=
github.com/aws/aws-sdk-go-v2/service/macie2 v1.52.3/go.mod h1:0pANWqStki1+mgfggK45P1AEE5Uwr/IL6pLmpqRU+yk=
github.com/aws/aws-sdk-go-v2/service/route53resolver v1.45.4 h1:zldDJEFllj9+8DOk1NKVPmLuuQFe0Pg/1C62OUwozAA=
github.com/aws/aws-sdk-go-v2/service/route53resolver v1.45.4/go.mod h1:1oAVFtzaMbAf+LfMXHhUW30lKLnBWwwNbeBeUXudjCk=
github.com/aws/aws-sdk-go-v2/service/s3 v1.103.2 h1:b4ikkRk22T4xYkEgaWc3Voe+3xbt5YbbFhNehOWyUiY=
github.com/aws/aws-sdk-go-v2/service/s3 v1.103.2/go.mod h1:Gp7eHZ0NZ8ZK5RXpoIUp/C8OeAmJqpCgdwEK1D/QOek=
github.com/aws/aws-sdk-go-v2/service/securityhub v1.71.7 h1:7H0Y7DA+SLT9U0ssRSIPo7+dMY5p6kXMU63ncCx8ayI=
github.com/aws/aws-sdk-go-v2/service/securityhub v1.71.7/go.mod h1:SS/9UFk3PQyMZyKumEF7C8Z//TkUEd1AShPnzUbAKqQ=
github.com/aws/aws-sdk-go-v2/service/signin v1.1.4 h1:YcpVyIPLCbiypN6KSphijN5fC7DDjX114SqA7prnnxg=
github.com/aws/aws-sdk-go-v2/service/signin v1.1.4/go.mod h1:5ZICS++oFTRPfa1GsBqFDWX/8WamZ/QQOcCzIuU/zLw=
github.com/aws/aws-sdk-go-v2/service/sso v1.31.2 h1:ySNWu7TPmj5fKFIa1GYvX+Ddxd5ccruqC20aMNuyWDM=
github.com/aws/aws-sdk-go-v2/service/sso v1.31.2/go.mod h1:A+U9luAOwFeB1kseyWCITVg7/NntoPebCFR9pQ4ch9A=
github.com/aws/aws-sdk-go-v2/service/ssooidc v1.36.5 h1:KSzGGqfk39O+WU3OEyYbx6F7sLDQCqxlOJ+2IksfK6U=
github.com/aws/aws-sdk-go-v2/service/ssooidc v1.36.5/go.mod h1:ATs88lXDeQB6CZOgQ5BIl9JbYS+EsCWUSDyff6L/oVo=
github.com/aws/aws-sdk-go-v2/service/sts v1.43.2 h1:RTO7mmGyedgnNmcPh3yQizNfc6GKoV5iqfdJavuf9vw=
github.com/aws/aws-sdk-go-v2/service/sts v1.43.2/go.mod h1:fBhUZXDin9YYqhcpOMjIcpdik25rVwWyxLdPH1RZd9s=
github.com/aws/smithy-go v1.27.1 h1:4T340VFndXtADGF52gYa1POyL7s9E4Z1OeZ1hCscIw8=
github.com/aws/smithy-go v1.27.1/go.mod h1:YE2RhdIuDbA5E5bTdciG9KrW3+TiEONeUWCqxX9i1Fc=
github.com/davecgh/go-spew v1.1.1 h1:vj9j/u1bqnvCEfJOwUhtlOARqs3+rkHYY13jYWTU97c=
github.com/davecgh/go-spew v1.1.1/go.mod h1:J7Y8YcW2NihsgmVo/mv3lAwl/skON4iLHjSsI+c5H38=
github.com/google/uuid v1.6.0 h1:NIvaJDMOsjHA8n1jAhLSgzrAzy1Hgr+hNrb57e+94F0=
github.com/google/uuid v1.6.0/go.mod h1:TIyPZe4MgqvfeYDBFedMoGGpEw/LqOeaOT+nhxU+yHo=
github.com/pmezard/go-difflib v1.0.0 h1:4DBwDE0NGyQoBHbLQYPwSUPoCMWR5BEzIk/f1lZbAQM=
github.com/pmezard/go-difflib v1.0.0/go.mod h1:iKH77koFhYxTK1pcRnkKkqfTogsbg7gZNVY4sRDYZ/4=
github.com/stretchr/testify v1.10.0 h1:Xv5erBjTwe/5IxqUQTdXv5kgmIvbHo3QQyRwhJsOfJA=
github.com/stretchr/testify v1.10.0/go.mod h1:r2ic/lqez/lEtzL7wO/rwa5dbSLXVDPFyf8C91i36aY=
golang.org/x/sync v0.11.0 h1:GGz8+XQP4FvTTrjZPzNKTMFtSXH80RAzG+5ghFPgK9w=
golang.org/x/sync v0.11.0/go.mod h1:Czt+wKu1gCyEFDUtn0jG5QVvpJ6rzVqr5aXyt9drQfk=
gopkg.in/check.v1 v0.0.0-20161208181325-20d25e280405 h1:yhCVgyC4o1eVCa2tZl7eS0r+SDo693bJlVdllGtEeKM=
gopkg.in/check.v1 v0.0.0-20161208181325-20d25e280405/go.mod h1:Co6ibVJAznAaIkqp8huTwlJQCZ016jof/cbN4VW5Yz0=
gopkg.in/yaml.v3 v3.0.1 h1:fxVm/GzAzEWqLHuvctI91KS9hhNmmWOoWu0XTYJS7CA=
gopkg.in/yaml.v3 v3.0.1/go.mod h1:K4uyk7z7BCEPqu6E+C64Yfv1cQ7kz7rIZviUmN+EgEM=
